
Microsoft Visual Studio Solution File, Format Version 12.00
# Visual Studio Version 16
VisualStudioVersion = 16.0.30717.126
MinimumVisualStudioVersion = 10.0.40219.1
Project("{FAE04EC0-301F-11D3-BF4B-00C04F79EFBC}") = "KlientTCP", "KlientTCP\KlientTCP.csproj", "{78F4FE36-BED6-45C8-B1B9-5456DE89FF7C}"
EndProject
Global
	GlobalSection(SolutionConfigurationPlatforms) = preSolution
		Debug|Any CPU = Debug|Any CPU
		Release|Any CPU = Release|Any CPU
	EndGlobalSection
	GlobalSection(ProjectConfigurationPlatforms) = postSolution
		{78F4FE36-BED6-45C8-B1B9-5456DE89FF7C}.Debug|Any CPU.ActiveCfg = Debug|Any CPU
		{78F4FE36-BED6-45C8-B1B9-5456DE89FF7C}.Debug|Any CPU.Build.0 = Debug|Any CPU
		{78F4FE36-BED6-45C8-B1B9-5456DE89FF7C}.Release|Any CPU.ActiveCfg = Release|Any CPU
		{78F4FE36-BED6-45C8-B1B9-5456DE89FF7C}.Release|Any CPU.Build.0 = Release|Any CPU
	EndGlobalSection
	GlobalSection(SolutionProperties) = preSolution
		HideSolutionNode = FALSE
	EndGlobalSection
	GlobalSection(ExtensibilityGlobals) = postSolution
		SolutionGuid = {8E8D6B8D-45CC-4FEC-A66A-16540E54D163}
	EndGlobalSection
EndGlobal
